
Microsoft Visual Studio Solution File, Format Version 12.00
# Visual Studio Version 16
VisualStudioVersion = 16.0.30804.86
MinimumVisualStudioVersion = 10.0.40219.1
Project("{9A19103F-16F7-4668-BE54-9A1E7A4F7556}") = "A2", "A2\A2.csproj", "{65D817D9-84D9-478F-AB66-1FE938F638BF}"
EndProject
Project("{9A19103F-16F7-4668-BE54-9A1E7A4F7556}") = "Utilities", "Validation\Utilities.csproj", "{4D5414DF-5209-496F-8A98-8BA55A41039F}"
EndProject
Project("{FAE04EC0-301F-11D3-BF4B-00C04F79EFBC}") = "WebAPI", "WebAPI\WebAPI.csproj", "{B3AC1E71-58D0-49BA-93F3-7554BDD4C037}"
EndProject
Project("{FAE04EC0-301F-11D3-BF4B-00C04F79EFBC}") = "Admin", "Admin\Admin.csproj", "{9EA09B6F-5016-4F98-B1FE-9C6DE1FC7C14}"
EndProject
Global
	GlobalSection(SolutionConfigurationPlatforms) = preSolution
		Debug|Any CPU = Debug|Any CPU
		Release|Any CPU = Release|Any CPU
	EndGlobalSection
	GlobalSection(ProjectConfigurationPlatforms) = postSolution
		{65D817D9-84D9-478F-AB66-1FE938F638BF}.Debug|Any CPU.ActiveCfg = Debug|Any CPU
		{65D817D9-84D9-478F-AB66-1FE938F638BF}.Debug|Any CPU.Build.0 = Debug|Any CPU
		{65D817D9-84D9-478F-AB66-1FE938F638BF}.Release|Any CPU.ActiveCfg = Release|Any CPU
		{65D817D9-84D9-478F-AB66-1FE938F638BF}.Release|Any CPU.Build.0 = Release|Any CPU
		{4D5414DF-5209-496F-8A98-8BA55A41039F}.Debug|Any CPU.ActiveCfg = Debug|Any CPU
		{4D5414DF-5209-496F-8A98-8BA55A41039F}.Debug|Any CPU.Build.0 = Debug|Any CPU
		{4D5414DF-5209-496F-8A98-8BA55A41039F}.Release|Any CPU.ActiveCfg = Release|Any CPU
		{4D5414DF-5209-496F-8A98-8BA55A41039F}.Release|Any CPU.Build.0 = Release|Any CPU
		{B3AC1E71-58D0-49BA-93F3-7554BDD4C037}.Debug|Any CPU.ActiveCfg = Debug|Any CPU
		{B3AC1E71-58D0-49BA-93F3-7554BDD4C037}.Debug|Any CPU.Build.0 = Debug|Any CPU
		{B3AC1E71-58D0-49BA-93F3-7554BDD4C037}.Release|Any CPU.ActiveCfg = Release|Any CPU
		{B3AC1E71-58D0-49BA-93F3-7554BDD4C037}.Release|Any CPU.Build.0 = Release|Any CPU
		{9EA09B6F-5016-4F98-B1FE-9C6DE1FC7C14}.Debug|Any CPU.ActiveCfg = Debug|Any CPU
		{9EA09B6F-5016-4F98-B1FE-9C6DE1FC7C14}.Debug|Any CPU.Build.0 = Debug|Any CPU
		{9EA09B6F-5016-4F98-B1FE-9C6DE1FC7C14}.Release|Any CPU.ActiveCfg = Release|Any CPU
		{9EA09B6F-5016-4F98-B1FE-9C6DE1FC7C14}.Release|Any CPU.Build.0 = Release|Any CPU
	EndGlobalSection
	GlobalSection(SolutionProperties) = preSolution
		HideSolutionNode = FALSE
	EndGlobalSection
	GlobalSection(ExtensibilityGlobals) = postSolution
		SolutionGuid = {F60D14E8-6BE5-4C58-848A-0A57379AD9A5}
	EndGlobalSection
EndGlobal
